{
  "name": "js",
  "lockfileVersion": 3,
  "requires": true,
  "packages": {
    "": {
      "dependencies": {
        "google-protobuf": "^3.21.2",
        "protobuf.js": "^1.1.2"
      }
    },
    "node_modules/google-protobuf": {
      "version": "3.21.2",
      "resolved": "https://registry.npmjs.org/google-protobuf/-/google-protobuf-3.21.2.tgz",
      "integrity": "sha512-3MSOYFO5U9mPGikIYCzK0SaThypfGgS6bHqrUGXG3DPHCrb+txNqeEcns1W0lkGfk0rCyNXm7xB9rMxnCiZOoA=="
    },
    "node_modules/long": {
      "version": "1.1.5",
      "resolved": "https://registry.npmjs.org/long/-/long-1.1.5.tgz",
      "integrity": "sha512-TU6nAF5SdasnTr28c7e74P4Crbn9o3/zwo1pM22Wvg2i2vlZ4Eelxwu4QT7j21z0sDBlJDEnEZjXTZg2J8WJrg==",
      "engines": {
        "node": ">=0.6"
      }
    },
    "node_modules/protobuf.js": {
      "version": "1.1.2",
      "resolved": "https://registry.npmjs.org/protobuf.js/-/protobuf.js-1.1.2.tgz",
      "integrity": "sha512-USO7Xus/pzPw549M1TguiyoOrKEhm9VMXv+CkDufcjMC8Rd7EPbxeRQPEjCV8ua1tm0k7z9xHkogcxovZogWdA==",
      "dependencies": {
        "long": "~1.1.2"
      }
    }
  }
}
